
Microsoft Visual Studio Solution File, Format Version 12.00
# Visual Studio 15
VisualStudioVersion = 15.0.28010.2036
MinimumVisualStudioVersion = 10.0.40219.1
Project("{FAE04EC0-301F-11D3-BF4B-00C04F79EFBC}") = "База банка", "База банка\База банка.csproj", "{4CB1D6DB-8B1B-4B21-A96B-C87B702F28C6}"
EndProject
Global
	GlobalSection(SolutionConfigurationPlatforms) = preSolution
		Debug|Any CPU = Debug|Any CPU
		Release|Any CPU = Release|Any CPU
	EndGlobalSection
	GlobalSection(ProjectConfigurationPlatforms) = postSolution
		{4CB1D6DB-8B1B-4B21-A96B-C87B702F28C6}.Debug|Any CPU.ActiveCfg = Debug|Any CPU
		{4CB1D6DB-8B1B-4B21-A96B-C87B702F28C6}.Debug|Any CPU.Build.0 = Debug|Any CPU
		{4CB1D6DB-8B1B-4B21-A96B-C87B702F28C6}.Release|Any CPU.ActiveCfg = Release|Any CPU
		{4CB1D6DB-8B1B-4B21-A96B-C87B702F28C6}.Release|Any CPU.Build.0 = Release|Any CPU
	EndGlobalSection
	GlobalSection(SolutionProperties) = preSolution
		HideSolutionNode = FALSE
	EndGlobalSection
	GlobalSection(ExtensibilityGlobals) = postSolution
		SolutionGuid = {06F4B31D-32B9-4B30-A702-D8181385B5AE}
	EndGlobalSection
EndGlobal
